// !$*UTF8*$!
{
	archiveVersion = 1;
	classes = {
	};
	objectVersion = 46;
	objects = {

/* Begin PBXBuildFile section */
		184F78B71D0EB52000E3915C /* AppDelegate.swift in Sources */ = {isa = PBXBuildFile; fileRef = 184F78B61D0EB52000E3915C /* AppDelegate.swift */; };
		184F78BC1D0EB52000E3915C /* Main.storyboard in Resources */ = {isa = PBXBuildFile; fileRef = 184F78BA1D0EB52000E3915C /* Main.storyboard */; };
		184F78BE1D0EB52000E3915C /* Assets.xcassets in Resources */ = {isa = PBXBuildFile; fileRef = 184F78BD1D0EB52000E3915C /* Assets.xcassets */; };
		184F78C11D0EB52000E3915C /* LaunchScreen.storyboard in Resources */ = {isa = PBXBuildFile; fileRef = 184F78BF1D0EB52000E3915C /* LaunchScreen.storyboard */; };
		184F78CC1D0EB52000E3915C /* MCPresentation_TransitionTests.swift in Sources */ = {isa = PBXBuildFile; fileRef = 184F78CB1D0EB52000E3915C /* MCPresentation_TransitionTests.swift */; };
		184F78D71D0EB67E00E3915C /* MainViewController.swift in Sources */ = {isa = PBXBuildFile; fileRef = 184F78D61D0EB67E00E3915C /* MainViewController.swift */; };
		184F78D91D0EB68500E3915C /* DetailViewController.swift in Sources */ = {isa = PBXBuildFile; fileRef = 184F78D81D0EB68500E3915C /* DetailViewController.swift */; };
		184F78DB1D0EB9A100E3915C /* MCCoverVerticalTranstionAnimator.swift in Sources */ = {isa = PBXBuildFile; fileRef = 184F78DA1D0EB9A100E3915C /* MCCoverVerticalTranstionAnimator.swift */; };
/* End PBXBuildFile section */

/* Begin PBXContainerItemProxy section */
		184F78C81D0EB52000E3915C /* PBXContainerItemProxy */ = {
			isa = PBXContainerItemProxy;
			containerPortal = 184F78AB1D0EB52000E3915C /* Project object */;
			proxyType = 1;
			remoteGlobalIDString = 184F78B21D0EB52000E3915C;
			remoteInfo = "MCPresentation&Transition";
		};
/* End PBXContainerItemProxy section */

/* Begin PBXFileReference section */
		184F78B31D0EB52000E3915C /* MCPresentation&Transition.app */ = {isa = PBXFileReference; explicitFileType = wrapper.application; includeInIndex = 0; path = "MCPresentation&Transition.app"; sourceTree = BUILT_PRODUCTS_DIR; };
		184F78B61D0EB52000E3915C /* AppDelegate.swift */ = {isa = PBXFileReference; lastKnownFileType = sourcecode.swift; path = AppDelegate.swift; sourceTree = "<group>"; };
		184F78BB1D0EB52000E3915C /* Base */ = {isa = PBXFileReference; lastKnownFileType = file.storyboard; name = Base; path = Base.lproj/Main.storyboard; sourceTree = "<group>"; };
		184F78BD1D0EB52000E3915C /* Assets.xcassets */ = {isa = PBXFileReference; lastKnownFileType = folder.assetcatalog; path = Assets.xcassets; sourceTree = "<group>"; };
		184F78C01D0EB52000E3915C /* Base */ = {isa = PBXFileReference; lastKnownFileType = file.storyboard; name = Base; path = Base.lproj/LaunchScreen.storyboard; sourceTree = "<group>"; };
		184F78C21D0EB52000E3915C /* Info.plist */ = {isa = PBXFileReference; lastKnownFileType = text.plist.xml; path = Info.plist; sourceTree = "<group>"; };
		184F78C71D0EB52000E3915C /* MCPresentation&TransitionTests.xctest */ = {isa = PBXFileReference; explicitFileType = wrapper.cfbundle; includeInIndex = 0; path = "MCPresentation&TransitionTests.xctest"; sourceTree = BUILT_PRODUCTS_DIR; };
		184F78CB1D0EB52000E3915C /* MCPresentation_TransitionTests.swift */ = {isa = PBXFileReference; lastKnownFileType = sourcecode.swift; path = MCPresentation_TransitionTests.swift; sourceTree = "<group>"; };
		184F78CD1D0EB52100E3915C /* Info.plist */ = {isa = PBXFileReference; lastKnownFileType = text.plist.xml; path = Info.plist; sourceTree = "<group>"; };
		184F78D61D0EB67E00E3915C /* MainViewController.swift */ = {isa = PBXFileReference; fileEncoding = 4; lastKnownFileType = sourcecode.swift; path = MainViewController.swift; sourceTree = "<group>"; };
		184F78D81D0EB68500E3915C /* DetailViewController.swift */ = {isa = PBXFileReference; fileEncoding = 4; lastKnownFileType = sourcecode.swift; path = DetailViewController.swift; sourceTree = "<group>"; };
		184F78DA1D0EB9A100E3915C /* MCCoverVerticalTranstionAnimator.swift */ = {isa = PBXFileReference; fileEncoding = 4; lastKnownFileType = sourcecode.swift; path = MCCoverVerticalTranstionAnimator.swift; sourceTree = "<group>"; };
/* End PBXFileReference section */

/* Begin PBXFrameworksBuildPhase section */
		184F78B01D0EB52000E3915C /* Frameworks */ = {
			isa = PBXFrameworksBuildPhase;
			buildActionMask = 2147483647;
			files = (
			);
			runOnlyForDeploymentPostprocessing = 0;
		};
		184F78C41D0EB52000E3915C /* Frameworks */ = {
			isa = PBXFrameworksBuildPhase;
			buildActionMask = 2147483647;
			files = (
			);
			runOnlyForDeploymentPostprocessing = 0;
		};
/* End PBXFrameworksBuildPhase section */

/* Begin PBXGroup section */
		184F78AA1D0EB52000E3915C = {
			isa = PBXGroup;
			children = (
				184F78B51D0EB52000E3915C /* MCPresentation&Transition */,
				184F78CA1D0EB52000E3915C /* MCPresentation&TransitionTests */,
				184F78B41D0EB52000E3915C /* Products */,
			);
			sourceTree = "<group>";
		};
		184F78B41D0EB52000E3915C /* Products */ = {
			isa = PBXGroup;
			children = (
				184F78B31D0EB52000E3915C /* MCPresentation&Transition.app */,
				184F78C71D0EB52000E3915C /* MCPresentation&TransitionTests.xctest */,
			);
			name = Products;
			sourceTree = "<group>";
		};
		184F78B51D0EB52000E3915C /* MCPresentation&Transition */ = {
			isa = PBXGroup;
			children = (
				184F78B61D0EB52000E3915C /* AppDelegate.swift */,
				184F78BA1D0EB52000E3915C /* Main.storyboard */,
				184F78DA1D0EB9A100E3915C /* MCCoverVerticalTranstionAnimator.swift */,
				184F78BD1D0EB52000E3915C /* Assets.xcassets */,
				184F78BF1D0EB52000E3915C /* LaunchScreen.storyboard */,
				184F78C21D0EB52000E3915C /* Info.plist */,
				184F78D61D0EB67E00E3915C /* MainViewController.swift */,
				184F78D81D0EB68500E3915C /* DetailViewController.swift */,
			);
			path = "MCPresentation&Transition";
			sourceTree = "<group>";
		};
		184F78CA1D0EB52000E3915C /* MCPresentation&TransitionTests */ = {
			isa = PBXGroup;
			children = (
				184F78CB1D0EB52000E3915C /* MCPresentation_TransitionTests.swift */,
				184F78CD1D0EB52100E3915C /* Info.plist */,
			);
			path = "MCPresentation&TransitionTests";
			sourceTree = "<group>";
		};
/* End PBXGroup section */

/* Begin PBXNativeTarget section */
		184F78B21D0EB52000E3915C /* MCPresentation&Transition */ = {
			isa = PBXNativeTarget;
			buildConfigurationList = 184F78D01D0EB52100E3915C /* Build configuration list for PBXNativeTarget "MCPresentation&Transition" */;
			buildPhases = (
				184F78AF1D0EB52000E3915C /* Sources */,
				184F78B01D0EB52000E3915C /* Frameworks */,
				184F78B11D0EB52000E3915C /* Resources */,
			);
			buildRules = (
			);
			dependencies = (
			);
			name = "MCPresentation&Transition";
			productName = "MCPresentation&Transition";
			productReference = 184F78B31D0EB52000E3915C /* MCPresentation&Transition.app */;
			productType = "com.apple.product-type.application";
		};
		184F78C61D0EB52000E3915C /* MCPresentation&TransitionTests */ = {
			isa = PBXNativeTarget;
			buildConfigurationList = 184F78D31D0EB52100E3915C /* Build configuration list for PBXNativeTarget "MCPresentation&TransitionTests" */;
			buildPhases = (
				184F78C31D0EB52000E3915C /* Sources */,
				184F78C41D0EB52000E3915C /* Frameworks */,
				184F78C51D0EB52000E3915C /* Resources */,
			);
			buildRules = (
			);
			dependencies = (
				184F78C91D0EB52000E3915C /* PBXTargetDependency */,
			);
			name = "MCPresentation&TransitionTests";
			productName = "MCPresentation&TransitionTests";
			productReference = 184F78C71D0EB52000E3915C /* MCPresentation&TransitionTests.xctest */;
			productType = "com.apple.product-type.bundle.unit-test";
		};
/* End PBXNativeTarget section */

/* Begin PBXProject section */
		184F78AB1D0EB52000E3915C /* Project object */ = {
			isa = PBXProject;
			attributes = {
				LastSwiftUpdateCheck = 0730;
				LastUpgradeCheck = 0730;
				ORGANIZATIONNAME = CuiMingyu;
				TargetAttributes = {
					184F78B21D0EB52000E3915C = {
						CreatedOnToolsVersion = 7.3.1;
					};
					184F78C61D0EB52000E3915C = {
						CreatedOnToolsVersion = 7.3.1;
						TestTargetID = 184F78B21D0EB52000E3915C;
					};
				};
			};
			buildConfigurationList = 184F78AE1D0EB52000E3915C /* Build configuration list for PBXProject "MCPresentation&Transition" */;
			compatibilityVersion = "Xcode 3.2";
			developmentRegion = English;
			hasScannedForEncodings = 0;
			knownRegions = (
				en,
				Base,
			);
			mainGroup = 184F78AA1D0EB52000E3915C;
			productRefGroup = 184F78B41D0EB52000E3915C /* Products */;
			projectDirPath = "";
			projectRoot = "";
			targets = (
				184F78B21D0EB52000E3915C /* MCPresentation&Transition */,
				184F78C61D0EB52000E3915C /* MCPresentation&TransitionTests */,
			);
		};
/* End PBXProject section */

/* Begin PBXResourcesBuildPhase section */
		184F78B11D0EB52000E3915C /* Resources */ = {
			isa = PBXResourcesBuildPhase;
			buildActionMask = 2147483647;
			files = (
				184F78C11D0EB52000E3915C /* LaunchScreen.storyboard in Resources */,
				184F78BE1D0EB52000E3915C /* Assets.xcassets in Resources */,
				184F78BC1D0EB52000E3915C /* Main.storyboard in Resources */,
			);
			runOnlyForDeploymentPostprocessing = 0;
		};
		184F78C51D0EB52000E3915C /* Resources */ = {
			isa = PBXResourcesBuildPhase;
			buildActionMask = 2147483647;
			files = (
			);
			runOnlyForDeploymentPostprocessing = 0;
		};
/* End PBXResourcesBuildPhase section */

/* Begin PBXSourcesBuildPhase section */
		184F78AF1D0EB52000E3915C /* Sources */ = {
			isa = PBXSourcesBuildPhase;
			buildActionMask = 2147483647;
			files = (
				184F78D71D0EB67E00E3915C /* MainViewController.swift in Sources */,
				184F78B71D0EB52000E3915C /* AppDelegate.swift in Sources */,
				184F78D91D0EB68500E3915C /* DetailViewController.swift in Sources */,
				184F78DB1D0EB9A100E3915C /* MCCoverVerticalTranstionAnimator.swift in Sources */,
			);
			runOnlyForDeploymentPostprocessing = 0;
		};
		184F78C31D0EB52000E3915C /* Sources */ = {
			isa = PBXSourcesBuildPhase;
			buildActionMask = 2147483647;
			files = (
				184F78CC1D0EB52000E3915C /* MCPresentation_TransitionTests.swift in Sources */,
			);
			runOnlyForDeploymentPostprocessing = 0;
		};
/* End PBXSourcesBuildPhase section */

/* Begin PBXTargetDependency section */
		184F78C91D0EB52000E3915C /* PBXTargetDependency */ = {
			isa = PBXTargetDependency;
			target = 184F78B21D0EB52000E3915C /* MCPresentation&Transition */;
			targetProxy = 184F78C81D0EB52000E3915C /* PBXContainerItemProxy */;
		};
/* End PBXTargetDependency section */

/* Begin PBXVariantGroup section */
		184F78BA1D0EB52000E3915C /* Main.storyboard */ = {
			isa = PBXVariantGroup;
			children = (
				184F78BB1D0EB52000E3915C /* Base */,
			);
			name = Main.storyboard;
			sourceTree = "<group>";
		};
		184F78BF1D0EB52000E3915C /* LaunchScreen.storyboard */ = {
			isa = PBXVariantGroup;
			children = (
				184F78C01D0EB52000E3915C /* Base */,
			);
			name = LaunchScreen.storyboard;
			sourceTree = "<group>";
		};
/* End PBXVariantGroup section */

/* Begin XCBuildConfiguration section */
		184F78CE1D0EB52100E3915C /* Debug */ = {
			isa = XCBuildConfiguration;
			buildSettings = {
				ALWAYS_SEARCH_USER_PATHS = NO;
				CLANG_ANALYZER_NONNULL = YES;
				CLANG_CXX_LANGUAGE_STANDARD = "gnu++0x";
				CLANG_CXX_LIBRARY = "libc++";
				CLANG_ENABLE_MODULES = YES;
				CLANG_ENABLE_OBJC_ARC = YES;
				CLANG_WARN_BOOL_CONVERSION = YES;
				CLANG_WARN_CONSTANT_CONVERSION = YES;
				CLANG_WARN_DIRECT_OBJC_ISA_USAGE = YES_ERROR;
				CLANG_WARN_EMPTY_BODY = YES;
				CLANG_WARN_ENUM_CONVERSION = YES;
				CLANG_WARN_INT_CONVERSION = YES;
				CLANG_WARN_OBJC_ROOT_CLASS = YES_ERROR;
				CLANG_WARN_UNREACHABLE_CODE = YES;
				CLANG_WARN__DUPLICATE_METHOD_MATCH = YES;
				"CODE_SIGN_IDENTITY[sdk=iphoneos*]" = "iPhone Developer";
				COPY_PHASE_STRIP = NO;
				DEBUG_INFORMATION_FORMAT = dwarf;
				ENABLE_STRICT_OBJC_MSGSEND = YES;
				ENABLE_TESTABILITY = YES;
				GCC_C_LANGUAGE_STANDARD = gnu99;
				GCC_DYNAMIC_NO_PIC = NO;
				GCC_NO_COMMON_BLOCKS = YES;
				GCC_OPTIMIZATION_LEVEL = 0;
				GCC_PREPROCESSOR_DEFINITIONS = (
					"DEBUG=1",
					"$(inherited)",
				);
				GCC_WARN_64_TO_32_BIT_CONVERSION = YES;
				GCC_WARN_ABOUT_RETURN_TYPE = YES_ERROR;
				GCC_WARN_UNDECLARED_SELECTOR = YES;
				GCC_WARN_UNINITIALIZED_AUTOS = YES_AGGRESSIVE;
				GCC_WARN_UNUSED_FUNCTION = YES;
				GCC_WARN_UNUSED_VARIABLE = YES;
				IPHONEOS_DEPLOYMENT_TARGET = 9.3;
				MTL_ENABLE_DEBUG_INFO = YES;
				ONLY_ACTIVE_ARCH = YES;
				SDKROOT = iphoneos;
				SWIFT_OPTIMIZATION_LEVEL = "-Onone";
				TARGETED_DEVICE_FAMILY = "1,2";
			};
			name = Debug;
		};
		184F78CF1D0EB52100E3915C /* Release */ = {
			isa = XCBuildConfiguration;
			buildSettings = {
				ALWAYS_SEARCH_USER_PATHS = NO;
				CLANG_ANALYZER_NONNULL = YES;
				CLANG_CXX_LANGUAGE_STANDARD = "gnu++0x";
				CLANG_CXX_LIBRARY = "libc++";
				CLANG_ENABLE_MODULES = YES;
				CLANG_ENABLE_OBJC_ARC = YES;
				CLANG_WARN_BOOL_CONVERSION = YES;
				CLANG_WARN_CONSTANT_CONVERSION = YES;
				CLANG_WARN_DIRECT_OBJC_ISA_USAGE = YES_ERROR;
				CLANG_WARN_EMPTY_BODY = YES;
				CLANG_WARN_ENUM_CONVERSION = YES;
				CLANG_WARN_INT_CONVERSION = YES;
				CLANG_WARN_OBJC_ROOT_CLASS = YES_ERROR;
				CLANG_WARN_UNREACHABLE_CODE = YES;
				CLANG_WARN__DUPLICATE_METHOD_MATCH = YES;
				"CODE_SIGN_IDENTITY[sdk=iphoneos*]" = "iPhone Developer";
				COPY_PHASE_STRIP = NO;
				DEBUG_INFORMATION_FORMAT = "dwarf-with-dsym";
				ENABLE_NS_ASSERTIONS = NO;
				ENABLE_STRICT_OBJC_MSGSEND = YES;
				GCC_C_LANGUAGE_STANDARD = gnu99;
				GCC_NO_COMMON_BLOCKS = YES;
				GCC_WARN_64_TO_32_BIT_CONVERSION = YES;
				GCC_WARN_ABOUT_RETURN_TYPE = YES_ERROR;
				GCC_WARN_UNDECLARED_SELECTOR = YES;
				GCC_WARN_UNINITIALIZED_AUTOS = YES_AGGRESSIVE;
				GCC_WARN_UNUSED_FUNCTION = YES;
				GCC_WARN_UNUSED_VARIABLE = YES;
				IPHONEOS_DEPLOYMENT_TARGET = 9.3;
				MTL_ENABLE_DEBUG_INFO = NO;
				SDKROOT = iphoneos;
				TARGETED_DEVICE_FAMILY = "1,2";
				VALIDATE_PRODUCT = YES;
			};
			name = Release;
		};
		184F78D11D0EB52100E3915C /* Debug */ = {
			isa = XCBuildConfiguration;
			buildSettings = {
				ASSETCATALOG_COMPILER_APPICON_NAME = AppIcon;
				INFOPLIST_FILE = "MCPresentation&Transition/Info.plist";
				LD_RUNPATH_SEARCH_PATHS = "$(inherited) @executable_path/Frameworks";
				PRODUCT_BUNDLE_IDENTIFIER = "me.gnou.MCPresentation-Transition";
				PRODUCT_NAME = "$(TARGET_NAME)";
			};
			name = Debug;
		};
		184F78D21D0EB52100E3915C /* Release */ = {
			isa = XCBuildConfiguration;
			buildSettings = {
				ASSETCATALOG_COMPILER_APPICON_NAME = AppIcon;
				INFOPLIST_FILE = "MCPresentation&Transition/Info.plist";
				LD_RUNPATH_SEARCH_PATHS = "$(inherited) @executable_path/Frameworks";
				PRODUCT_BUNDLE_IDENTIFIER = "me.gnou.MCPresentation-Transition";
				PRODUCT_NAME = "$(TARGET_NAME)";
			};
			name = Release;
		};
		184F78D41D0EB52100E3915C /* Debug */ = {
			isa = XCBuildConfiguration;
			buildSettings = {
				BUNDLE_LOADER = "$(TEST_HOST)";
				INFOPLIST_FILE = "MCPresentation&TransitionTests/Info.plist";
				LD_RUNPATH_SEARCH_PATHS = "$(inherited) @executable_path/Frameworks @loader_path/Frameworks";
				PRODUCT_BUNDLE_IDENTIFIER = "me.gnou.MCPresentation-TransitionTests";
				PRODUCT_NAME = "$(TARGET_NAME)";
				TEST_HOST = "$(BUILT_PRODUCTS_DIR)/MCPresentation&Transition.app/MCPresentation&Transition";
			};
			name = Debug;
		};
		184F78D51D0EB52100E3915C /* Release */ = {
			isa = XCBuildConfiguration;
			buildSettings = {
				BUNDLE_LOADER = "$(TEST_HOST)";
				INFOPLIST_FILE = "MCPresentation&TransitionTests/Info.plist";
				LD_RUNPATH_SEARCH_PATHS = "$(inherited) @executable_path/Frameworks @loader_path/Frameworks";
				PRODUCT_BUNDLE_IDENTIFIER = "me.gnou.MCPresentation-TransitionTests";
				PRODUCT_NAME = "$(TARGET_NAME)";
				TEST_HOST = "$(BUILT_PRODUCTS_DIR)/MCPresentation&Transition.app/MCPresentation&Transition";
			};
			name = Release;
		};
/* End XCBuildConfiguration section */

/* Begin XCConfigurationList section */
		184F78AE1D0EB52000E3915C /* Build configuration list for PBXProject "MCPresentation&Transition" */ = {
			isa = XCConfigurationList;
			buildConfigurations = (
				184F78CE1D0EB52100E3915C /* Debug */,
				184F78CF1D0EB52100E3915C /* Release */,
			);
			defaultConfigurationIsVisible = 0;
			defaultConfigurationName = Release;
		};
		184F78D01D0EB52100E3915C /* Build configuration list for PBXNativeTarget "MCPresentation&Transition" */ = {
			isa = XCConfigurationList;
			buildConfigurations = (
				184F78D11D0EB52100E3915C /* Debug */,
				184F78D21D0EB52100E3915C /* Release */,
			);
			defaultConfigurationIsVisible = 0;
		};
		184F78D31D0EB52100E3915C /* Build configuration list for PBXNativeTarget "MCPresentation&TransitionTests" */ = {
			isa = XCConfigurationList;
			buildConfigurations = (
				184F78D41D0EB52100E3915C /* Debug */,
				184F78D51D0EB52100E3915C /* Release */,
			);
			defaultConfigurationIsVisible = 0;
		};
/* End XCConfigurationList section */
	};
	rootObject = 184F78AB1D0EB52000E3915C /* Project object */;
}
